
Microsoft Visual Studio Solution File, Format Version 12.00
# Visual Studio 15
VisualStudioVersion = 15.0.27004.2005
MinimumVisualStudioVersion = 10.0.40219.1
Project("{FAE04EC0-301F-11D3-BF4B-00C04F79EFBC}") = "WindowsFormsApp1", "WindowsFormsApp1\WindowsFormsApp1.csproj", "{2DA0CA75-7995-494E-AA47-A4553859FBCA}"
EndProject
Global
	GlobalSection(SolutionConfigurationPlatforms) = preSolution
		Debug|Any CPU = Debug|Any CPU
		Release|Any CPU = Release|Any CPU
	EndGlobalSection
	GlobalSection(ProjectConfigurationPlatforms) = postSolution
		{2DA0CA75-7995-494E-AA47-A4553859FBCA}.Debug|Any CPU.ActiveCfg = Debug|Any CPU
		{2DA0CA75-7995-494E-AA47-A4553859FBCA}.Debug|Any CPU.Build.0 = Debug|Any CPU
		{2DA0CA75-7995-494E-AA47-A4553859FBCA}.Release|Any CPU.ActiveCfg = Release|Any CPU
		{2DA0CA75-7995-494E-AA47-A4553859FBCA}.Release|Any CPU.Build.0 = Release|Any CPU
	EndGlobalSection
	GlobalSection(SolutionProperties) = preSolution
		HideSolutionNode = FALSE
	EndGlobalSection
	GlobalSection(ExtensibilityGlobals) = postSolution
		SolutionGuid = {11FD9806-DE9E-4745-9DF7-AF971A12A4FC}
	EndGlobalSection
EndGlobal
